
Microsoft Visual Studio Solution File, Format Version 12.00
# Visual Studio Version 17
VisualStudioVersion = 17.9.34622.214
MinimumVisualStudioVersion = 10.0.40219.1
Project("{FAE04EC0-301F-11D3-BF4B-00C04F79EFBC}") = "PlaceMyOrder.Api", "PlaceMyOrder.Api\PlaceMyOrder.Api.csproj", "{1040B7D4-9D61-475C-9B90-D79CDE36A530}"
EndProject
Project("{FAE04EC0-301F-11D3-BF4B-00C04F79EFBC}") = "PlaceMyOrder.Core", "PlaceMyOrder.Core\PlaceMyOrder.Core.csproj", "{1778616E-3A9D-4738-A215-67738C72022C}"
EndProject
Project("{FAE04EC0-301F-11D3-BF4B-00C04F79EFBC}") = "PlaceMyOrder.Domain", "PlaceMyOrder.Domain\PlaceMyOrder.Domain.csproj", "{EF8212FF-8737-48F7-AC34-7C1DD61B4128}"
EndProject
Project("{FAE04EC0-301F-11D3-BF4B-00C04F79EFBC}") = "PlaceMyOrder.Infrastructure", "PlaceMyOrder.Infrastructure\PlaceMyOrder.Infrastructure.csproj", "{50BF133C-B50C-4CC1-984D-E0A844C815A0}"
EndProject
Global
	GlobalSection(SolutionConfigurationPlatforms) = preSolution
		Debug|Any CPU = Debug|Any CPU
		Release|Any CPU = Release|Any CPU
	EndGlobalSection
	GlobalSection(ProjectConfigurationPlatforms) = postSolution
		{1040B7D4-9D61-475C-9B90-D79CDE36A530}.Debug|Any CPU.ActiveCfg = Debug|Any CPU
		{1040B7D4-9D61-475C-9B90-D79CDE36A530}.Debug|Any CPU.Build.0 = Debug|Any CPU
		{1040B7D4-9D61-475C-9B90-D79CDE36A530}.Release|Any CPU.ActiveCfg = Release|Any CPU
		{1040B7D4-9D61-475C-9B90-D79CDE36A530}.Release|Any CPU.Build.0 = Release|Any CPU
		{1778616E-3A9D-4738-A215-67738C72022C}.Debug|Any CPU.ActiveCfg = Debug|Any CPU
		{1778616E-3A9D-4738-A215-67738C72022C}.Debug|Any CPU.Build.0 = Debug|Any CPU
		{1778616E-3A9D-4738-A215-67738C72022C}.Release|Any CPU.ActiveCfg = Release|Any CPU
		{1778616E-3A9D-4738-A215-67738C72022C}.Release|Any CPU.Build.0 = Release|Any CPU
		{EF8212FF-8737-48F7-AC34-7C1DD61B4128}.Debug|Any CPU.ActiveCfg = Debug|Any CPU
		{EF8212FF-8737-48F7-AC34-7C1DD61B4128}.Debug|Any CPU.Build.0 = Debug|Any CPU
		{EF8212FF-8737-48F7-AC34-7C1DD61B4128}.Release|Any CPU.ActiveCfg = Release|Any CPU
		{EF8212FF-8737-48F7-AC34-7C1DD61B4128}.Release|Any CPU.Build.0 = Release|Any CPU
		{50BF133C-B50C-4CC1-984D-E0A844C815A0}.Debug|Any CPU.ActiveCfg = Debug|Any CPU
		{50BF133C-B50C-4CC1-984D-E0A844C815A0}.Debug|Any CPU.Build.0 = Debug|Any CPU
		{50BF133C-B50C-4CC1-984D-E0A844C815A0}.Release|Any CPU.ActiveCfg = Release|Any CPU
		{50BF133C-B50C-4CC1-984D-E0A844C815A0}.Release|Any CPU.Build.0 = Release|Any CPU
	EndGlobalSection
	GlobalSection(SolutionProperties) = preSolution
		HideSolutionNode = FALSE
	EndGlobalSection
	GlobalSection(ExtensibilityGlobals) = postSolution
		SolutionGuid = {4DED97DB-3585-45B8-A97D-E86CC431DC7E}
	EndGlobalSection
EndGlobal
